# THIS IS AN AUTOGENERATED FILE. DO NOT EDIT THIS FILE DIRECTLY.
# yarn lockfile v1


caller-callsite@^4.1.0:
  version "4.1.0"
  resolved "https://registry.yarnpkg.com/caller-callsite/-/caller-callsite-4.1.0.tgz#3e33cb1d910e7b09332d59a3503b9af7462f7295"
  integrity sha512-99nnnGlJexTc41xwQTr+mWl15OI5PPczUJzM4YRE7QjkefMKCXGa5gfQjCOuVrD+1TjI/fevIDHg2nz3iYN5Ig==
  dependencies:
    callsites "^3.1.0"

caller-path@^3.0.1:
  version "3.0.1"
  resolved "https://registry.yarnpkg.com/caller-path/-/caller-path-3.0.1.tgz#bc932ecec3f943e10c2f8922146e23b132f932e4"
  integrity sha512-fhmztL4wURO/BzwJUJ4aVRdnKEFskPBbrJ8fNgl7XdUiD1ygzzlt+nhPgUBSRq2ciEVubo6x+W8vJQzm55QLLQ==
  dependencies:
    caller-callsite "^4.1.0"

callsites@^3.1.0:
  version "3.1.0"
  resolved "https://registry.yarnpkg.com/callsites/-/callsites-3.1.0.tgz#b3630abd8943432f54b3f0519238e33cd7df2f73"
  integrity sha512-P8BjAsXvZS+VIDUI11hHCQEv74YT67YUi5JJFNWIqL235sBmjX4+qx9Muvls5ivyNENctx46xQLQ3aTuE7ssaQ==

onmyjs@^2.0.2:
  version "2.0.2"
  resolved "https://registry.yarnpkg.com/onmyjs/-/onmyjs-2.0.2.tgz#2e846c7265286bdd4fc283c8f8556d8d26ae1346"
  integrity sha512-TC05oSAnbsb8FAqHwO/+ZeskIc0+MFvt+7SyVwxCfS6EgfFO15YWMjC+RentdPIQrduR2p8XluRJxlFmsXhBPA==
  dependencies:
    caller-path "^3.0.1"
